
Microsoft Visual Studio Solution File, Format Version 12.00
# Visual Studio Version 17
VisualStudioVersion = 17.9.34902.65
MinimumVisualStudioVersion = 10.0.40219.1
Project("{FAE04EC0-301F-11D3-BF4B-00C04F79EFBC}") = "SqlMigrationUploadScripts", "SqlMigrationUploadScripts\SqlMigrationUploadScripts.csproj", "{CAEE15B2-69F7-4738-B069-0BAEAC3D4ECD}"
EndProject
Global
	GlobalSection(SolutionConfigurationPlatforms) = preSolution
		Debug|Any CPU = Debug|Any CPU
		Release|Any CPU = Release|Any CPU
	EndGlobalSection
	GlobalSection(ProjectConfigurationPlatforms) = postSolution
		{CAEE15B2-69F7-4738-B069-0BAEAC3D4ECD}.Debug|Any CPU.ActiveCfg = Debug|Any CPU
		{CAEE15B2-69F7-4738-B069-0BAEAC3D4ECD}.Debug|Any CPU.Build.0 = Debug|Any CPU
		{CAEE15B2-69F7-4738-B069-0BAEAC3D4ECD}.Release|Any CPU.ActiveCfg = Release|Any CPU
		{CAEE15B2-69F7-4738-B069-0BAEAC3D4ECD}.Release|Any CPU.Build.0 = Release|Any CPU
	EndGlobalSection
	GlobalSection(SolutionProperties) = preSolution
		HideSolutionNode = FALSE
	EndGlobalSection
	GlobalSection(ExtensibilityGlobals) = postSolution
		SolutionGuid = {799B4740-9426-4E2E-84E2-69B74CA31812}
	EndGlobalSection
EndGlobal
